
Microsoft Visual Studio Solution File, Format Version 12.00
# Visual Studio Version 17
VisualStudioVersion = 17.0.31903.59
MinimumVisualStudioVersion = 10.0.40219.1
Project("{FAE04EC0-301F-11D3-BF4B-00C04F79EFBC}") = "SscExcelAddIn", "SscExcelAddIn\SscExcelAddIn.csproj", "{57A1A419-AB91-434F-90F6-55655FFF8700}"
EndProject
Project("{FAE04EC0-301F-11D3-BF4B-00C04F79EFBC}") = "SscExcelAddInTests", "SscExcelAddInTests\SscExcelAddInTests.csproj", "{45E1B34C-1015-47C1-9480-AB37A201728F}"
EndProject
Project("{2150E333-8FDC-42A3-9474-1A3956D46DE8}") = "Solution Items", "Solution Items", "{CF1DB7E0-A2B7-4E3D-9A90-8CC4A7B2F9D5}"
	ProjectSection(SolutionItems) = preProject
		.editorconfig = .editorconfig
		README.md = README.md
	EndProjectSection
EndProject
Global
	GlobalSection(SolutionConfigurationPlatforms) = preSolution
		Debug|Any CPU = Debug|Any CPU
		Release|Any CPU = Release|Any CPU
	EndGlobalSection
	GlobalSection(ProjectConfigurationPlatforms) = postSolution
		{57A1A419-AB91-434F-90F6-55655FFF8700}.Debug|Any CPU.ActiveCfg = Debug|Any CPU
		{57A1A419-AB91-434F-90F6-55655FFF8700}.Debug|Any CPU.Build.0 = Debug|Any CPU
		{57A1A419-AB91-434F-90F6-55655FFF8700}.Release|Any CPU.ActiveCfg = Release|Any CPU
		{57A1A419-AB91-434F-90F6-55655FFF8700}.Release|Any CPU.Build.0 = Release|Any CPU
		{45E1B34C-1015-47C1-9480-AB37A201728F}.Debug|Any CPU.ActiveCfg = Debug|Any CPU
		{45E1B34C-1015-47C1-9480-AB37A201728F}.Debug|Any CPU.Build.0 = Debug|Any CPU
		{45E1B34C-1015-47C1-9480-AB37A201728F}.Release|Any CPU.ActiveCfg = Release|Any CPU
		{45E1B34C-1015-47C1-9480-AB37A201728F}.Release|Any CPU.Build.0 = Release|Any CPU
	EndGlobalSection
	GlobalSection(SolutionProperties) = preSolution
		HideSolutionNode = FALSE
	EndGlobalSection
	GlobalSection(ExtensibilityGlobals) = postSolution
		SolutionGuid = {0A2BE96A-35E1-4EC3-BD5A-BD9251586D01}
	EndGlobalSection
EndGlobal
